
Microsoft Visual Studio Solution File, Format Version 12.00
# Visual Studio 14
VisualStudioVersion = 14.0.25420.1
MinimumVisualStudioVersion = 10.0.40219.1
Project("{FAE04EC0-301F-11D3-BF4B-00C04F79EFBC}") = "ICA22 Peter Dixon", "ICA22 Peter Dixon\ICA22 Peter Dixon.csproj", "{9515F347-AE38-49B8-A0DC-5D2F9D3A1520}"
EndProject
Project("{FAE04EC0-301F-11D3-BF4B-00C04F79EFBC}") = "Utilities", "Utilities\Utilities.csproj", "{9579068D-6A3D-44E2-B8EA-6E18B15E780E}"
EndProject
Global
	GlobalSection(SolutionConfigurationPlatforms) = preSolution
		Debug|Any CPU = Debug|Any CPU
		Release|Any CPU = Release|Any CPU
	EndGlobalSection
	GlobalSection(ProjectConfigurationPlatforms) = postSolution
		{9515F347-AE38-49B8-A0DC-5D2F9D3A1520}.Debug|Any CPU.ActiveCfg = Debug|Any CPU
		{9515F347-AE38-49B8-A0DC-5D2F9D3A1520}.Debug|Any CPU.Build.0 = Debug|Any CPU
		{9515F347-AE38-49B8-A0DC-5D2F9D3A1520}.Release|Any CPU.ActiveCfg = Release|Any CPU
		{9515F347-AE38-49B8-A0DC-5D2F9D3A1520}.Release|Any CPU.Build.0 = Release|Any CPU
		{9579068D-6A3D-44E2-B8EA-6E18B15E780E}.Debug|Any CPU.ActiveCfg = Debug|Any CPU
		{9579068D-6A3D-44E2-B8EA-6E18B15E780E}.Debug|Any CPU.Build.0 = Debug|Any CPU
		{9579068D-6A3D-44E2-B8EA-6E18B15E780E}.Release|Any CPU.ActiveCfg = Release|Any CPU
		{9579068D-6A3D-44E2-B8EA-6E18B15E780E}.Release|Any CPU.Build.0 = Release|Any CPU
	EndGlobalSection
	GlobalSection(SolutionProperties) = preSolution
		HideSolutionNode = FALSE
	EndGlobalSection
EndGlobal
